
Microsoft Visual Studio Solution File, Format Version 12.00
Project("{FAE04EC0-301F-11D3-BF4B-00C04F79EFBC}") = "PrintHub.Api", "src\PrintHub.Api\PrintHub.Api.csproj", "{6415538B-D851-4FD2-9DAC-EF5E5DCAAF46}"
EndProject
Project("{FAE04EC0-301F-11D3-BF4B-00C04F79EFBC}") = "PrintHub.ApplicationCore", "src\PrintHub.ApplicationCore\PrintHub.ApplicationCore.csproj", "{90DC9B6D-8A82-434F-8061-85AC35BADFE6}"
EndProject
Project("{FAE04EC0-301F-11D3-BF4B-00C04F79EFBC}") = "PrintHub.Infrastructure", "src\PrintHub.Infrastructure\PrintHub.Infrastructure.csproj", "{52D619CF-0616-4E16-8B3F-DD58FAEB809E}"
EndProject
Global
	GlobalSection(SolutionConfigurationPlatforms) = preSolution
		Debug|Any CPU = Debug|Any CPU
		Release|Any CPU = Release|Any CPU
	EndGlobalSection
	GlobalSection(ProjectConfigurationPlatforms) = postSolution
		{6415538B-D851-4FD2-9DAC-EF5E5DCAAF46}.Debug|Any CPU.ActiveCfg = Debug|Any CPU
		{6415538B-D851-4FD2-9DAC-EF5E5DCAAF46}.Debug|Any CPU.Build.0 = Debug|Any CPU
		{6415538B-D851-4FD2-9DAC-EF5E5DCAAF46}.Release|Any CPU.ActiveCfg = Release|Any CPU
		{6415538B-D851-4FD2-9DAC-EF5E5DCAAF46}.Release|Any CPU.Build.0 = Release|Any CPU
		{90DC9B6D-8A82-434F-8061-85AC35BADFE6}.Debug|Any CPU.ActiveCfg = Debug|Any CPU
		{90DC9B6D-8A82-434F-8061-85AC35BADFE6}.Debug|Any CPU.Build.0 = Debug|Any CPU
		{90DC9B6D-8A82-434F-8061-85AC35BADFE6}.Release|Any CPU.ActiveCfg = Release|Any CPU
		{90DC9B6D-8A82-434F-8061-85AC35BADFE6}.Release|Any CPU.Build.0 = Release|Any CPU
		{52D619CF-0616-4E16-8B3F-DD58FAEB809E}.Debug|Any CPU.ActiveCfg = Debug|Any CPU
		{52D619CF-0616-4E16-8B3F-DD58FAEB809E}.Debug|Any CPU.Build.0 = Debug|Any CPU
		{52D619CF-0616-4E16-8B3F-DD58FAEB809E}.Release|Any CPU.ActiveCfg = Release|Any CPU
		{52D619CF-0616-4E16-8B3F-DD58FAEB809E}.Release|Any CPU.Build.0 = Release|Any CPU
	EndGlobalSection
EndGlobal
